<?xml version="1.0" encoding="utf-8"?>
<Project ToolsVersion="4.0" xmlns="http://schemas.microsoft.com/developer/msbuild/2003">
  <ItemGroup>
    <Filter Include="ソース ファイル">
      <UniqueIdentifier>{4FC737F1-C7A5-4376-A066-2A32D752A2FF}</UniqueIdentifier>
      <Extensions>cpp;c;cc;cxx;c++;cppm;ixx;def;odl;idl;hpj;bat;asm;asmx</Extensions>
    </Filter>
    <Filter Include="ヘッダー ファイル">
      <UniqueIdentifier>{93995380-89BD-4b04-88EB-625FBE52EBFB}</UniqueIdentifier>
      <Extensions>h;hh;hpp;hxx;h++;hm;inl;inc;ipp;xsd</Extensions>
    </Filter>
    <Filter Include="リソース ファイル">
      <UniqueIdentifier>{67DA6AB6-F800-4c08-8B7A-83BB121AAD01}</UniqueIdentifier>
      <Extensions>rc;ico;cur;bmp;dlg;rc2;rct;bin;rgs;gif;jpg;jpeg;jpe;resx;tiff;tif;png;wav;mfcribbon-ms</Extensions>
    </Filter>
  </ItemGroup>
  <ItemGroup>
    <ClCompile Include="angelscript\add_on\contextmgr\contextmgr.cpp">
      <Filter>ソース ファイル</Filter>
    </ClCompile>
    <ClCompile Include="angelscript\add_on\datetime\datetime.cpp">
      <Filter>ソース ファイル</Filter>
    </ClCompile>
    <ClCompile Include="angelscript\add_on\debugger\debugger.cpp">
      <Filter>ソース ファイル</Filter>
    </ClCompile>
    <ClCompile Include="angelscript\add_on\scriptany\scriptany.cpp">
      <Filter>ソース ファイル</Filter>
    </ClCompile>
    <ClCompile Include="angelscript\add_on\scriptarray\scriptarray.cpp">
      <Filter>ソース ファイル</Filter>
    </ClCompile>
    <ClCompile Include="angelscript\add_on\scriptbuilder\scriptbuilder.cpp">
      <Filter>ソース ファイル</Filter>
    </ClCompile>
    <ClCompile Include="angelscript\add_on\scriptdictionary\scriptdictionary.cpp">
      <Filter>ソース ファイル</Filter>
    </ClCompile>
    <ClCompile Include="angelscript\add_on\scriptfile\scriptfile.cpp">
      <Filter>ソース ファイル</Filter>
    </ClCompile>
    <ClCompile Include="angelscript\add_on\scriptfile\scriptfilesystem.cpp">
      <Filter>ソース ファイル</Filter>
    </ClCompile>
    <ClCompile Include="angelscript\add_on\scriptgrid\scriptgrid.cpp">
      <Filter>ソース ファイル</Filter>
    </ClCompile>
    <ClCompile Include="angelscript\add_on\scripthandle\scripthandle.cpp">
      <Filter>ソース ファイル</Filter>
    </ClCompile>
    <ClCompile Include="angelscript\add_on\scripthelper\scripthelper.cpp">
      <Filter>ソース ファイル</Filter>
    </ClCompile>
    <ClCompile Include="angelscript\add_on\scriptmath\scriptmath.cpp">
      <Filter>ソース ファイル</Filter>
    </ClCompile>
    <ClCompile Include="angelscript\add_on\scriptmath\scriptmathcomplex.cpp">
      <Filter>ソース ファイル</Filter>
    </ClCompile>
    <ClCompile Include="angelscript\add_on\scriptstdstring\scriptstdstring.cpp">
      <Filter>ソース ファイル</Filter>
    </ClCompile>
    <ClCompile Include="angelscript\add_on\scriptstdstring\scriptstdstring_utils.cpp">
      <Filter>ソース ファイル</Filter>
    </ClCompile>
    <ClCompile Include="angelscript\add_on\serializer\serializer.cpp">
      <Filter>ソース ファイル</Filter>
    </ClCompile>
    <ClCompile Include="angelscript\add_on\weakref\weakref.cpp">
      <Filter>ソース ファイル</Filter>
    </ClCompile>
    <ClCompile Include="angelscript\angelscript\source\as_atomic.cpp">
      <Filter>ソース ファイル</Filter>
    </ClCompile>
    <ClCompile Include="angelscript\angelscript\source\as_builder.cpp">
      <Filter>ソース ファイル</Filter>
    </ClCompile>
    <ClCompile Include="angelscript\angelscript\source\as_bytecode.cpp">
      <Filter>ソース ファイル</Filter>
    </ClCompile>
    <ClCompile Include="angelscript\angelscript\source\as_callfunc.cpp">
      <Filter>ソース ファイル</Filter>
    </ClCompile>
    <ClCompile Include="angelscript\angelscript\source\as_callfunc_arm.cpp">
      <Filter>ソース ファイル</Filter>
    </ClCompile>
    <ClCompile Include="angelscript\angelscript\source\as_callfunc_arm64.cpp">
      <Filter>ソース ファイル</Filter>
    </ClCompile>
    <ClCompile Include="angelscript\angelscript\source\as_callfunc_mips.cpp">
      <Filter>ソース ファイル</Filter>
    </ClCompile>
    <ClCompile Include="angelscript\angelscript\source\as_callfunc_ppc.cpp">
      <Filter>ソース ファイル</Filter>
    </ClCompile>
    <ClCompile Include="angelscript\angelscript\source\as_callfunc_ppc_64.cpp">
      <Filter>ソース ファイル</Filter>
    </ClCompile>
    <ClCompile Include="angelscript\angelscript\source\as_callfunc_riscv64.cpp">
      <Filter>ソース ファイル</Filter>
    </ClCompile>
    <ClCompile Include="angelscript\angelscript\source\as_callfunc_sh4.cpp">
      <Filter>ソース ファイル</Filter>
    </ClCompile>
    <ClCompile Include="angelscript\angelscript\source\as_callfunc_x64_gcc.cpp">
      <Filter>ソース ファイル</Filter>
    </ClCompile>
    <ClCompile Include="angelscript\angelscript\source\as_callfunc_x64_mingw.cpp">
      <Filter>ソース ファイル</Filter>
    </ClCompile>
    <ClCompile Include="angelscript\angelscript\source\as_callfunc_x64_msvc.cpp">
      <Filter>ソース ファイル</Filter>
    </ClCompile>
    <ClCompile Include="angelscript\angelscript\source\as_callfunc_x86.cpp">
      <Filter>ソース ファイル</Filter>
    </ClCompile>
    <ClCompile Include="angelscript\angelscript\source\as_callfunc_xenon.cpp">
      <Filter>ソース ファイル</Filter>
    </ClCompile>
    <ClCompile Include="angelscript\angelscript\source\as_compiler.cpp">
      <Filter>ソース ファイル</Filter>
    </ClCompile>
    <ClCompile Include="angelscript\angelscript\source\as_configgroup.cpp">
      <Filter>ソース ファイル</Filter>
    </ClCompile>
    <ClCompile Include="angelscript\angelscript\source\as_context.cpp">
      <Filter>ソース ファイル</Filter>
    </ClCompile>
    <ClCompile Include="angelscript\angelscript\source\as_datatype.cpp">
      <Filter>ソース ファイル</Filter>
    </ClCompile>
    <ClCompile Include="angelscript\angelscript\source\as_gc.cpp">
      <Filter>ソース ファイル</Filter>
    </ClCompile>
    <ClCompile Include="angelscript\angelscript\source\as_generic.cpp">
      <Filter>ソース ファイル</Filter>
    </ClCompile>
    <ClCompile Include="angelscript\angelscript\source\as_globalproperty.cpp">
      <Filter>ソース ファイル</Filter>
    </ClCompile>
    <ClCompile Include="angelscript\angelscript\source\as_memory.cpp">
      <Filter>ソース ファイル</Filter>
    </ClCompile>
    <ClCompile Include="angelscript\angelscript\source\as_module.cpp">
      <Filter>ソース ファイル</Filter>
    </ClCompile>
    <ClCompile Include="angelscript\angelscript\source\as_objecttype.cpp">
      <Filter>ソース ファイル</Filter>
    </ClCompile>
    <ClCompile Include="angelscript\angelscript\source\as_outputbuffer.cpp">
      <Filter>ソース ファイル</Filter>
    </ClCompile>
    <ClCompile Include="angelscript\angelscript\source\as_parser.cpp">
      <Filter>ソース ファイル</Filter>
    </ClCompile>
    <ClCompile Include="angelscript\angelscript\source\as_restore.cpp">
      <Filter>ソース ファイル</Filter>
    </ClCompile>
    <ClCompile Include="angelscript\angelscript\source\as_scriptcode.cpp">
      <Filter>ソース ファイル</Filter>
    </ClCompile>
    <ClCompile Include="angelscript\angelscript\source\as_scriptengine.cpp">
      <Filter>ソース ファイル</Filter>
    </ClCompile>
    <ClCompile Include="angelscript\angelscript\source\as_scriptfunction.cpp">
      <Filter>ソース ファイル</Filter>
    </ClCompile>
    <ClCompile Include="angelscript\angelscript\source\as_scriptnode.cpp">
      <Filter>ソース ファイル</Filter>
    </ClCompile>
    <ClCompile Include="angelscript\angelscript\source\as_scriptobject.cpp">
      <Filter>ソース ファイル</Filter>
    </ClCompile>
    <ClCompile Include="angelscript\angelscript\source\as_string.cpp">
      <Filter>ソース ファイル</Filter>
    </ClCompile>
    <ClCompile Include="angelscript\angelscript\source\as_string_util.cpp">
      <Filter>ソース ファイル</Filter>
    </ClCompile>
    <ClCompile Include="angelscript\angelscript\source\as_thread.cpp">
      <Filter>ソース ファイル</Filter>
    </ClCompile>
    <ClCompile Include="angelscript\angelscript\source\as_tokenizer.cpp">
      <Filter>ソース ファイル</Filter>
    </ClCompile>
    <ClCompile Include="angelscript\angelscript\source\as_typeinfo.cpp">
      <Filter>ソース ファイル</Filter>
    </ClCompile>
    <ClCompile Include="angelscript\angelscript\source\as_variablescope.cpp">
      <Filter>ソース ファイル</Filter>
    </ClCompile>
    <ClCompile Include="main.cpp">
      <Filter>ソース ファイル</Filter>
    </ClCompile>
  </ItemGroup>
  <ItemGroup>
    <ClInclude Include="angelscript\add_on\contextmgr\contextmgr.h">
      <Filter>ヘッダー ファイル</Filter>
    </ClInclude>
    <ClInclude Include="angelscript\add_on\datetime\datetime.h">
      <Filter>ヘッダー ファイル</Filter>
    </ClInclude>
    <ClInclude Include="angelscript\add_on\debugger\debugger.h">
      <Filter>ヘッダー ファイル</Filter>
    </ClInclude>
    <ClInclude Include="angelscript\add_on\scriptany\scriptany.h">
      <Filter>ヘッダー ファイル</Filter>
    </ClInclude>
    <ClInclude Include="angelscript\add_on\scriptarray\scriptarray.h">
      <Filter>ヘッダー ファイル</Filter>
    </ClInclude>
    <ClInclude Include="angelscript\add_on\scriptbuilder\scriptbuilder.h">
      <Filter>ヘッダー ファイル</Filter>
    </ClInclude>
    <ClInclude Include="angelscript\add_on\scriptdictionary\scriptdictionary.h">
      <Filter>ヘッダー ファイル</Filter>
    </ClInclude>
    <ClInclude Include="angelscript\add_on\scriptfile\scriptfile.h">
      <Filter>ヘッダー ファイル</Filter>
    </ClInclude>
    <ClInclude Include="angelscript\add_on\scriptfile\scriptfilesystem.h">
      <Filter>ヘッダー ファイル</Filter>
    </ClInclude>
    <ClInclude Include="angelscript\add_on\scriptgrid\scriptgrid.h">
      <Filter>ヘッダー ファイル</Filter>
    </ClInclude>
    <ClInclude Include="angelscript\add_on\scripthandle\scripthandle.h">
      <Filter>ヘッダー ファイル</Filter>
    </ClInclude>
    <ClInclude Include="angelscript\add_on\scripthelper\scripthelper.h">
      <Filter>ヘッダー ファイル</Filter>
    </ClInclude>
    <ClInclude Include="angelscript\add_on\scriptmath\scriptmath.h">
      <Filter>ヘッダー ファイル</Filter>
    </ClInclude>
    <ClInclude Include="angelscript\add_on\scriptmath\scriptmathcomplex.h">
      <Filter>ヘッダー ファイル</Filter>
    </ClInclude>
    <ClInclude Include="angelscript\add_on\scriptstdstring\scriptstdstring.h">
      <Filter>ヘッダー ファイル</Filter>
    </ClInclude>
    <ClInclude Include="angelscript\add_on\serializer\serializer.h">
      <Filter>ヘッダー ファイル</Filter>
    </ClInclude>
    <ClInclude Include="angelscript\add_on\weakref\weakref.h">
      <Filter>ヘッダー ファイル</Filter>
    </ClInclude>
    <ClInclude Include="angelscript\angelscript\source\as_array.h">
      <Filter>ヘッダー ファイル</Filter>
    </ClInclude>
    <ClInclude Include="angelscript\angelscript\source\as_atomic.h">
      <Filter>ヘッダー ファイル</Filter>
    </ClInclude>
    <ClInclude Include="angelscript\angelscript\source\as_builder.h">
      <Filter>ヘッダー ファイル</Filter>
    </ClInclude>
    <ClInclude Include="angelscript\angelscript\source\as_bytecode.h">
      <Filter>ヘッダー ファイル</Filter>
    </ClInclude>
    <ClInclude Include="angelscript\angelscript\source\as_callfunc.h">
      <Filter>ヘッダー ファイル</Filter>
    </ClInclude>
    <ClInclude Include="angelscript\angelscript\source\as_compiler.h">
      <Filter>ヘッダー ファイル</Filter>
    </ClInclude>
    <ClInclude Include="angelscript\angelscript\source\as_config.h">
      <Filter>ヘッダー ファイル</Filter>
    </ClInclude>
    <ClInclude Include="angelscript\angelscript\source\as_configgroup.h">
      <Filter>ヘッダー ファイル</Filter>
    </ClInclude>
    <ClInclude Include="angelscript\angelscript\source\as_context.h">
      <Filter>ヘッダー ファイル</Filter>
    </ClInclude>
    <ClInclude Include="angelscript\angelscript\source\as_criticalsection.h">
      <Filter>ヘッダー ファイル</Filter>
    </ClInclude>
    <ClInclude Include="angelscript\angelscript\source\as_datatype.h">
      <Filter>ヘッダー ファイル</Filter>
    </ClInclude>
    <ClInclude Include="angelscript\angelscript\source\as_debug.h">
      <Filter>ヘッダー ファイル</Filter>
    </ClInclude>
    <ClInclude Include="angelscript\angelscript\source\as_gc.h">
      <Filter>ヘッダー ファイル</Filter>
    </ClInclude>
    <ClInclude Include="angelscript\angelscript\source\as_generic.h">
      <Filter>ヘッダー ファイル</Filter>
    </ClInclude>
    <ClInclude Include="angelscript\angelscript\source\as_map.h">
      <Filter>ヘッダー ファイル</Filter>
    </ClInclude>
    <ClInclude Include="angelscript\angelscript\source\as_memory.h">
      <Filter>ヘッダー ファイル</Filter>
    </ClInclude>
    <ClInclude Include="angelscript\angelscript\source\as_module.h">
      <Filter>ヘッダー ファイル</Filter>
    </ClInclude>
    <ClInclude Include="angelscript\angelscript\source\as_namespace.h">
      <Filter>ヘッダー ファイル</Filter>
    </ClInclude>
    <ClInclude Include="angelscript\angelscript\source\as_objecttype.h">
      <Filter>ヘッダー ファイル</Filter>
    </ClInclude>
    <ClInclude Include="angelscript\angelscript\source\as_outputbuffer.h">
      <Filter>ヘッダー ファイル</Filter>
    </ClInclude>
    <ClInclude Include="angelscript\angelscript\source\as_parser.h">
      <Filter>ヘッダー ファイル</Filter>
    </ClInclude>
    <ClInclude Include="angelscript\angelscript\source\as_property.h">
      <Filter>ヘッダー ファイル</Filter>
    </ClInclude>
    <ClInclude Include="angelscript\angelscript\source\as_restore.h">
      <Filter>ヘッダー ファイル</Filter>
    </ClInclude>
    <ClInclude Include="angelscript\angelscript\source\as_scriptcode.h">
      <Filter>ヘッダー ファイル</Filter>
    </ClInclude>
    <ClInclude Include="angelscript\angelscript\source\as_scriptengine.h">
      <Filter>ヘッダー ファイル</Filter>
    </ClInclude>
    <ClInclude Include="angelscript\angelscript\source\as_scriptfunction.h">
      <Filter>ヘッダー ファイル</Filter>
    </ClInclude>
    <ClInclude Include="angelscript\angelscript\source\as_scriptnode.h">
      <Filter>ヘッダー ファイル</Filter>
    </ClInclude>
    <ClInclude Include="angelscript\angelscript\source\as_scriptobject.h">
      <Filter>ヘッダー ファイル</Filter>
    </ClInclude>
    <ClInclude Include="angelscript\angelscript\source\as_string.h">
      <Filter>ヘッダー ファイル</Filter>
    </ClInclude>
    <ClInclude Include="angelscript\angelscript\source\as_string_util.h">
      <Filter>ヘッダー ファイル</Filter>
    </ClInclude>
    <ClInclude Include="angelscript\angelscript\source\as_symboltable.h">
      <Filter>ヘッダー ファイル</Filter>
    </ClInclude>
    <ClInclude Include="angelscript\angelscript\source\as_texts.h">
      <Filter>ヘッダー ファイル</Filter>
    </ClInclude>
    <ClInclude Include="angelscript\angelscript\source\as_thread.h">
      <Filter>ヘッダー ファイル</Filter>
    </ClInclude>
    <ClInclude Include="angelscript\angelscript\source\as_tokendef.h">
      <Filter>ヘッダー ファイル</Filter>
    </ClInclude>
    <ClInclude Include="angelscript\angelscript\source\as_tokenizer.h">
      <Filter>ヘッダー ファイル</Filter>
    </ClInclude>
    <ClInclude Include="angelscript\angelscript\source\as_typeinfo.h">
      <Filter>ヘッダー ファイル</Filter>
    </ClInclude>
    <ClInclude Include="angelscript\angelscript\source\as_variablescope.h">
      <Filter>ヘッダー ファイル</Filter>
    </ClInclude>
  </ItemGroup>
  <ItemGroup>
    <CustomBuild Include="angelscript\angelscript\source\as_callfunc_x64_msvc_asm.asm">
      <Filter>ソース ファイル</Filter>
    </CustomBuild>
  </ItemGroup>
</Project>